// !$*UTF8*$!
{
	archiveVersion = 1;
	classes = {
	};
	objectVersion = 46;
	objects = {

/* Begin PBXBuildFile section */
		712EC61C1A23A08600C94C83 /* main.m in Sources */ = {isa = PBXBuildFile; fileRef = 712EC61B1A23A08600C94C83 /* main.m */; };
		712EC61F1A23A08600C94C83 /* AppDelegate.m in Sources */ = {isa = PBXBuildFile; fileRef = 712EC61E1A23A08600C94C83 /* AppDelegate.m */; };
		712EC6221A23A08600C94C83 /* MasterViewController.m in Sources */ = {isa = PBXBuildFile; fileRef = 712EC6211A23A08600C94C83 /* MasterViewController.m */; };
		712EC6251A23A08600C94C83 /* DetailViewController.m in Sources */ = {isa = PBXBuildFile; fileRef = 712EC6241A23A08600C94C83 /* DetailViewController.m */; };
		712EC6281A23A08600C94C83 /* Main.storyboard in Resources */ = {isa = PBXBuildFile; fileRef = 712EC6261A23A08600C94C83 /* Main.storyboard */; };
		712EC62A1A23A08600C94C83 /* Images.xcassets in Resources */ = {isa = PBXBuildFile; fileRef = 712EC6291A23A08600C94C83 /* Images.xcassets */; };
		712EC62D1A23A08600C94C83 /* LaunchScreen.xib in Resources */ = {isa = PBXBuildFile; fileRef = 712EC62B1A23A08600C94C83 /* LaunchScreen.xib */; };
		712EC6391A23A08600C94C83 /* TunesheapTests.m in Sources */ = {isa = PBXBuildFile; fileRef = 712EC6381A23A08600C94C83 /* TunesheapTests.m */; };
		714946011A23AB3A0072B31B /* THClient.m in Sources */ = {isa = PBXBuildFile; fileRef = 714946001A23AB3A0072B31B /* THClient.m */; };
		714946041A23B7C40072B31B /* THAlbumCollectionViewCell.m in Sources */ = {isa = PBXBuildFile; fileRef = 714946031A23B7C40072B31B /* THAlbumCollectionViewCell.m */; };
		714946081A23C0580072B31B /* SongsViewController.m in Sources */ = {isa = PBXBuildFile; fileRef = 714946071A23C0580072B31B /* SongsViewController.m */; };
		7149460A1A23C0D50072B31B /* logo.png in Resources */ = {isa = PBXBuildFile; fileRef = 714946091A23C0D50072B31B /* logo.png */; };
		FDF1DFBE6B7749C49C6B7B32 /* libPods.a in Frameworks */ = {isa = PBXBuildFile; fileRef = E484902154724C8EBA096BD7 /* libPods.a */; };
/* End PBXBuildFile section */

/* Begin PBXContainerItemProxy section */
		712EC6331A23A08600C94C83 /* PBXContainerItemProxy */ = {
			isa = PBXContainerItemProxy;
			containerPortal = 712EC60E1A23A08600C94C83 /* Project object */;
			proxyType = 1;
			remoteGlobalIDString = 712EC6151A23A08600C94C83;
			remoteInfo = Tunesheap;
		};
/* End PBXContainerItemProxy section */

/* Begin PBXFileReference section */
		712EC6161A23A08600C94C83 /* Tunesheap.app */ = {isa = PBXFileReference; explicitFileType = wrapper.application; includeInIndex = 0; path = Tunesheap.app; sourceTree = BUILT_PRODUCTS_DIR; };
		712EC61A1A23A08600C94C83 /* Info.plist */ = {isa = PBXFileReference; lastKnownFileType = text.plist.xml; path = Info.plist; sourceTree = "<group>"; };
		712EC61B1A23A08600C94C83 /* main.m */ = {isa = PBXFileReference; lastKnownFileType = sourcecode.c.objc; path = main.m; sourceTree = "<group>"; };
		712EC61D1A23A08600C94C83 /* AppDelegate.h */ = {isa = PBXFileReference; lastKnownFileType = sourcecode.c.h; path = AppDelegate.h; sourceTree = "<group>"; };
		712EC61E1A23A08600C94C83 /* AppDelegate.m */ = {isa = PBXFileReference; lastKnownFileType = sourcecode.c.objc; path = AppDelegate.m; sourceTree = "<group>"; };
		712EC6201A23A08600C94C83 /* MasterViewController.h */ = {isa = PBXFileReference; lastKnownFileType = sourcecode.c.h; path = MasterViewController.h; sourceTree = "<group>"; };
		712EC6211A23A08600C94C83 /* MasterViewController.m */ = {isa = PBXFileReference; lastKnownFileType = sourcecode.c.objc; path = MasterViewController.m; sourceTree = "<group>"; };
		712EC6231A23A08600C94C83 /* DetailViewController.h */ = {isa = PBXFileReference; lastKnownFileType = sourcecode.c.h; path = DetailViewController.h; sourceTree = "<group>"; };
		712EC6241A23A08600C94C83 /* DetailViewController.m */ = {isa = PBXFileReference; lastKnownFileType = sourcecode.c.objc; path = DetailViewController.m; sourceTree = "<group>"; };
		712EC6271A23A08600C94C83 /* Base */ = {isa = PBXFileReference; lastKnownFileType = file.storyboard; name = Base; path = Base.lproj/Main.storyboard; sourceTree = "<group>"; };
		712EC6291A23A08600C94C83 /* Images.xcassets */ = {isa = PBXFileReference; lastKnownFileType = folder.assetcatalog; path = Images.xcassets; sourceTree = "<group>"; };
		712EC62C1A23A08600C94C83 /* Base */ = {isa = PBXFileReference; lastKnownFileType = file.xib; name = Base; path = Base.lproj/LaunchScreen.xib; sourceTree = "<group>"; };
		712EC6321A23A08600C94C83 /* TunesheapTests.xctest */ = {isa = PBXFileReference; explicitFileType = wrapper.cfbundle; includeInIndex = 0; path = TunesheapTests.xctest; sourceTree = BUILT_PRODUCTS_DIR; };
		712EC6371A23A08600C94C83 /* Info.plist */ = {isa = PBXFileReference; lastKnownFileType = text.plist.xml; path = Info.plist; sourceTree = "<group>"; };
		712EC6381A23A08600C94C83 /* TunesheapTests.m */ = {isa = PBXFileReference; lastKnownFileType = sourcecode.c.objc; path = TunesheapTests.m; sourceTree = "<group>"; };
		714945FF1A23AB3A0072B31B /* THClient.h */ = {isa = PBXFileReference; fileEncoding = 4; lastKnownFileType = sourcecode.c.h; path = THClient.h; sourceTree = "<group>"; };
		714946001A23AB3A0072B31B /* THClient.m */ = {isa = PBXFileReference; fileEncoding = 4; lastKnownFileType = sourcecode.c.objc; path = THClient.m; sourceTree = "<group>"; };
		714946021A23B7C40072B31B /* THAlbumCollectionViewCell.h */ = {isa = PBXFileReference; fileEncoding = 4; lastKnownFileType = sourcecode.c.h; path = THAlbumCollectionViewCell.h; sourceTree = "<group>"; };
		714946031A23B7C40072B31B /* THAlbumCollectionViewCell.m */ = {isa = PBXFileReference; fileEncoding = 4; lastKnownFileType = sourcecode.c.objc; path = THAlbumCollectionViewCell.m; sourceTree = "<group>"; };
		714946061A23C0580072B31B /* SongsViewController.h */ = {isa = PBXFileReference; fileEncoding = 4; lastKnownFileType = sourcecode.c.h; path = SongsViewController.h; sourceTree = "<group>"; };
		714946071A23C0580072B31B /* SongsViewController.m */ = {isa = PBXFileReference; fileEncoding = 4; lastKnownFileType = sourcecode.c.objc; path = SongsViewController.m; sourceTree = "<group>"; };
		714946091A23C0D50072B31B /* logo.png */ = {isa = PBXFileReference; lastKnownFileType = image.png; path = logo.png; sourceTree = "<group>"; };
		C013D841F6554AFC95393C13 /* Pods.xcconfig */ = {isa = PBXFileReference; includeInIndex = 1; lastKnownFileType = text.xcconfig; name = Pods.xcconfig; path = Pods/Pods.xcconfig; sourceTree = "<group>"; };
		E484902154724C8EBA096BD7 /* libPods.a */ = {isa = PBXFileReference; explicitFileType = archive.ar; includeInIndex = 0; path = libPods.a; sourceTree = BUILT_PRODUCTS_DIR; };
/* End PBXFileReference section */

/* Begin PBXFrameworksBuildPhase section */
		712EC6131A23A08600C94C83 /* Frameworks */ = {
			isa = PBXFrameworksBuildPhase;
			buildActionMask = 2147483647;
			files = (
				FDF1DFBE6B7749C49C6B7B32 /* libPods.a in Frameworks */,
			);
			runOnlyForDeploymentPostprocessing = 0;
		};
		712EC62F1A23A08600C94C83 /* Frameworks */ = {
			isa = PBXFrameworksBuildPhase;
			buildActionMask = 2147483647;
			files = (
			);
			runOnlyForDeploymentPostprocessing = 0;
		};
/* End PBXFrameworksBuildPhase section */

/* Begin PBXGroup section */
		712EC60D1A23A08600C94C83 = {
			isa = PBXGroup;
			children = (
				712EC6181A23A08600C94C83 /* Tunesheap */,
				712EC6351A23A08600C94C83 /* TunesheapTests */,
				712EC6171A23A08600C94C83 /* Products */,
				C013D841F6554AFC95393C13 /* Pods.xcconfig */,
				9313F5AB7BD049D88BD95A22 /* Frameworks */,
			);
			sourceTree = "<group>";
		};
		712EC6171A23A08600C94C83 /* Products */ = {
			isa = PBXGroup;
			children = (
				712EC6161A23A08600C94C83 /* Tunesheap.app */,
				712EC6321A23A08600C94C83 /* TunesheapTests.xctest */,
			);
			name = Products;
			sourceTree = "<group>";
		};
		712EC6181A23A08600C94C83 /* Tunesheap */ = {
			isa = PBXGroup;
			children = (
				714946051A23B7CB0072B31B /* Views */,
				714945FE1A23A9920072B31B /* Tools */,
				712EC61D1A23A08600C94C83 /* AppDelegate.h */,
				712EC61E1A23A08600C94C83 /* AppDelegate.m */,
				712EC6201A23A08600C94C83 /* MasterViewController.h */,
				712EC6211A23A08600C94C83 /* MasterViewController.m */,
				712EC6231A23A08600C94C83 /* DetailViewController.h */,
				712EC6241A23A08600C94C83 /* DetailViewController.m */,
				714946061A23C0580072B31B /* SongsViewController.h */,
				714946071A23C0580072B31B /* SongsViewController.m */,
				712EC6261A23A08600C94C83 /* Main.storyboard */,
				712EC6291A23A08600C94C83 /* Images.xcassets */,
				712EC62B1A23A08600C94C83 /* LaunchScreen.xib */,
				712EC6191A23A08600C94C83 /* Supporting Files */,
			);
			path = Tunesheap;
			sourceTree = "<group>";
		};
		712EC6191A23A08600C94C83 /* Supporting Files */ = {
			isa = PBXGroup;
			children = (
				714946091A23C0D50072B31B /* logo.png */,
				712EC61A1A23A08600C94C83 /* Info.plist */,
				712EC61B1A23A08600C94C83 /* main.m */,
			);
			name = "Supporting Files";
			sourceTree = "<group>";
		};
		712EC6351A23A08600C94C83 /* TunesheapTests */ = {
			isa = PBXGroup;
			children = (
				712EC6381A23A08600C94C83 /* TunesheapTests.m */,
				712EC6361A23A08600C94C83 /* Supporting Files */,
			);
			path = TunesheapTests;
			sourceTree = "<group>";
		};
		712EC6361A23A08600C94C83 /* Supporting Files */ = {
			isa = PBXGroup;
			children = (
				712EC6371A23A08600C94C83 /* Info.plist */,
			);
			name = "Supporting Files";
			sourceTree = "<group>";
		};
		714945FE1A23A9920072B31B /* Tools */ = {
			isa = PBXGroup;
			children = (
				714945FF1A23AB3A0072B31B /* THClient.h */,
				714946001A23AB3A0072B31B /* THClient.m */,
			);
			name = Tools;
			sourceTree = "<group>";
		};
		714946051A23B7CB0072B31B /* Views */ = {
			isa = PBXGroup;
			children = (
				714946021A23B7C40072B31B /* THAlbumCollectionViewCell.h */,
				714946031A23B7C40072B31B /* THAlbumCollectionViewCell.m */,
			);
			name = Views;
			sourceTree = "<group>";
		};
		9313F5AB7BD049D88BD95A22 /* Frameworks */ = {
			isa = PBXGroup;
			children = (
				E484902154724C8EBA096BD7 /* libPods.a */,
			);
			name = Frameworks;
			sourceTree = "<group>";
		};
/* End PBXGroup section */

/* Begin PBXNativeTarget section */
		712EC6151A23A08600C94C83 /* Tunesheap */ = {
			isa = PBXNativeTarget;
			buildConfigurationList = 712EC63C1A23A08600C94C83 /* Build configuration list for PBXNativeTarget "Tunesheap" */;
			buildPhases = (
				64109AB8837D4CF4A0E30F7D /* Check Pods Manifest.lock */,
				712EC6121A23A08600C94C83 /* Sources */,
				712EC6131A23A08600C94C83 /* Frameworks */,
				712EC6141A23A08600C94C83 /* Resources */,
				436CBC0B08D3448D96B3CFD4 /* Copy Pods Resources */,
			);
			buildRules = (
			);
			dependencies = (
			);
			name = Tunesheap;
			productName = Tunesheap;
			productReference = 712EC6161A23A08600C94C83 /* Tunesheap.app */;
			productType = "com.apple.product-type.application";
		};
		712EC6311A23A08600C94C83 /* TunesheapTests */ = {
			isa = PBXNativeTarget;
			buildConfigurationList = 712EC63F1A23A08600C94C83 /* Build configuration list for PBXNativeTarget "TunesheapTests" */;
			buildPhases = (
				712EC62E1A23A08600C94C83 /* Sources */,
				712EC62F1A23A08600C94C83 /* Frameworks */,
				712EC6301A23A08600C94C83 /* Resources */,
			);
			buildRules = (
			);
			dependencies = (
				712EC6341A23A08600C94C83 /* PBXTargetDependency */,
			);
			name = TunesheapTests;
			productName = TunesheapTests;
			productReference = 712EC6321A23A08600C94C83 /* TunesheapTests.xctest */;
			productType = "com.apple.product-type.bundle.unit-test";
		};
/* End PBXNativeTarget section */

/* Begin PBXProject section */
		712EC60E1A23A08600C94C83 /* Project object */ = {
			isa = PBXProject;
			attributes = {
				LastUpgradeCheck = 0610;
				ORGANIZATIONNAME = "Robert Lis";
				TargetAttributes = {
					712EC6151A23A08600C94C83 = {
						CreatedOnToolsVersion = 6.1;
					};
					712EC6311A23A08600C94C83 = {
						CreatedOnToolsVersion = 6.1;
						TestTargetID = 712EC6151A23A08600C94C83;
					};
				};
			};
			buildConfigurationList = 712EC6111A23A08600C94C83 /* Build configuration list for PBXProject "Tunesheap" */;
			compatibilityVersion = "Xcode 3.2";
			developmentRegion = English;
			hasScannedForEncodings = 0;
			knownRegions = (
				en,
				Base,
			);
			mainGroup = 712EC60D1A23A08600C94C83;
			productRefGroup = 712EC6171A23A08600C94C83 /* Products */;
			projectDirPath = "";
			projectRoot = "";
			targets = (
				712EC6151A23A08600C94C83 /* Tunesheap */,
				712EC6311A23A08600C94C83 /* TunesheapTests */,
			);
		};
/* End PBXProject section */

/* Begin PBXResourcesBuildPhase section */
		712EC6141A23A08600C94C83 /* Resources */ = {
			isa = PBXResourcesBuildPhase;
			buildActionMask = 2147483647;
			files = (
				7149460A1A23C0D50072B31B /* logo.png in Resources */,
				712EC6281A23A08600C94C83 /* Main.storyboard in Resources */,
				712EC62D1A23A08600C94C83 /* LaunchScreen.xib in Resources */,
				712EC62A1A23A08600C94C83 /* Images.xcassets in Resources */,
			);
			runOnlyForDeploymentPostprocessing = 0;
		};
		712EC6301A23A08600C94C83 /* Resources */ = {
			isa = PBXResourcesBuildPhase;
			buildActionMask = 2147483647;
			files = (
			);
			runOnlyForDeploymentPostprocessing = 0;
		};
/* End PBXResourcesBuildPhase section */

/* Begin PBXShellScriptBuildPhase section */
		436CBC0B08D3448D96B3CFD4 /* Copy Pods Resources */ = {
			isa = PBXShellScriptBuildPhase;
			buildActionMask = 2147483647;
			files = (
			);
			inputPaths = (
			);
			name = "Copy Pods Resources";
			outputPaths = (
			);
			runOnlyForDeploymentPostprocessing = 0;
			shellPath = /bin/sh;
			shellScript = "\"${SRCROOT}/Pods/Pods-resources.sh\"\n";
			showEnvVarsInLog = 0;
		};
		64109AB8837D4CF4A0E30F7D /* Check Pods Manifest.lock */ = {
			isa = PBXShellScriptBuildPhase;
			buildActionMask = 2147483647;
			files = (
			);
			inputPaths = (
			);
			name = "Check Pods Manifest.lock";
			outputPaths = (
			);
			runOnlyForDeploymentPostprocessing = 0;
			shellPath = /bin/sh;
			shellScript = "diff \"${PODS_ROOT}/../Podfile.lock\" \"${PODS_ROOT}/Manifest.lock\" > /dev/null\nif [[ $? != 0 ]] ; then\n    cat << EOM\nerror: The sandbox is not in sync with the Podfile.lock. Run 'pod install' or update your CocoaPods installation.\nEOM\n    exit 1\nfi\n";
			showEnvVarsInLog = 0;
		};
/* End PBXShellScriptBuildPhase section */

/* Begin PBXSourcesBuildPhase section */
		712EC6121A23A08600C94C83 /* Sources */ = {
			isa = PBXSourcesBuildPhase;
			buildActionMask = 2147483647;
			files = (
				714946081A23C0580072B31B /* SongsViewController.m in Sources */,
				712EC61F1A23A08600C94C83 /* AppDelegate.m in Sources */,
				712EC6221A23A08600C94C83 /* MasterViewController.m in Sources */,
				714946041A23B7C40072B31B /* THAlbumCollectionViewCell.m in Sources */,
				712EC61C1A23A08600C94C83 /* main.m in Sources */,
				712EC6251A23A08600C94C83 /* DetailViewController.m in Sources */,
				714946011A23AB3A0072B31B /* THClient.m in Sources */,
			);
			runOnlyForDeploymentPostprocessing = 0;
		};
		712EC62E1A23A08600C94C83 /* Sources */ = {
			isa = PBXSourcesBuildPhase;
			buildActionMask = 2147483647;
			files = (
				712EC6391A23A08600C94C83 /* TunesheapTests.m in Sources */,
			);
			runOnlyForDeploymentPostprocessing = 0;
		};
/* End PBXSourcesBuildPhase section */

/* Begin PBXTargetDependency section */
		712EC6341A23A08600C94C83 /* PBXTargetDependency */ = {
			isa = PBXTargetDependency;
			target = 712EC6151A23A08600C94C83 /* Tunesheap */;
			targetProxy = 712EC6331A23A08600C94C83 /* PBXContainerItemProxy */;
		};
/* End PBXTargetDependency section */

/* Begin PBXVariantGroup section */
		712EC6261A23A08600C94C83 /* Main.storyboard */ = {
			isa = PBXVariantGroup;
			children = (
				712EC6271A23A08600C94C83 /* Base */,
			);
			name = Main.storyboard;
			sourceTree = "<group>";
		};
		712EC62B1A23A08600C94C83 /* LaunchScreen.xib */ = {
			isa = PBXVariantGroup;
			children = (
				712EC62C1A23A08600C94C83 /* Base */,
			);
			name = LaunchScreen.xib;
			sourceTree = "<group>";
		};
/* End PBXVariantGroup section */

/* Begin XCBuildConfiguration section */
		712EC63A1A23A08600C94C83 /* Debug */ = {
			isa = XCBuildConfiguration;
			buildSettings = {
				ALWAYS_SEARCH_USER_PATHS = NO;
				CLANG_CXX_LANGUAGE_STANDARD = "gnu++0x";
				CLANG_CXX_LIBRARY = "libc++";
				CLANG_ENABLE_MODULES = YES;
				CLANG_ENABLE_OBJC_ARC = YES;
				CLANG_WARN_BOOL_CONVERSION = YES;
				CLANG_WARN_CONSTANT_CONVERSION = YES;
				CLANG_WARN_DIRECT_OBJC_ISA_USAGE = YES_ERROR;
				CLANG_WARN_EMPTY_BODY = YES;
				CLANG_WARN_ENUM_CONVERSION = YES;
				CLANG_WARN_INT_CONVERSION = YES;
				CLANG_WARN_OBJC_ROOT_CLASS = YES_ERROR;
				CLANG_WARN_UNREACHABLE_CODE = YES;
				CLANG_WARN__DUPLICATE_METHOD_MATCH = YES;
				"CODE_SIGN_IDENTITY[sdk=iphoneos*]" = "iPhone Developer";
				COPY_PHASE_STRIP = NO;
				ENABLE_STRICT_OBJC_MSGSEND = YES;
				GCC_C_LANGUAGE_STANDARD = gnu99;
				GCC_DYNAMIC_NO_PIC = NO;
				GCC_OPTIMIZATION_LEVEL = 0;
				GCC_PREPROCESSOR_DEFINITIONS = (
					"DEBUG=1",
					"$(inherited)",
				);
				GCC_SYMBOLS_PRIVATE_EXTERN = NO;
				GCC_WARN_64_TO_32_BIT_CONVERSION = YES;
				GCC_WARN_ABOUT_RETURN_TYPE = YES_ERROR;
				GCC_WARN_UNDECLARED_SELECTOR = YES;
				GCC_WARN_UNINITIALIZED_AUTOS = YES_AGGRESSIVE;
				GCC_WARN_UNUSED_FUNCTION = YES;
				GCC_WARN_UNUSED_VARIABLE = YES;
				IPHONEOS_DEPLOYMENT_TARGET = 8.1;
				MTL_ENABLE_DEBUG_INFO = YES;
				ONLY_ACTIVE_ARCH = YES;
				SDKROOT = iphoneos;
				TARGETED_DEVICE_FAMILY = "1,2";
			};
			name = Debug;
		};
		712EC63B1A23A08600C94C83 /* Release */ = {
			isa = XCBuildConfiguration;
			buildSettings = {
				ALWAYS_SEARCH_USER_PATHS = NO;
				CLANG_CXX_LANGUAGE_STANDARD = "gnu++0x";
				CLANG_CXX_LIBRARY = "libc++";
				CLANG_ENABLE_MODULES = YES;
				CLANG_ENABLE_OBJC_ARC = YES;
				CLANG_WARN_BOOL_CONVERSION = YES;
				CLANG_WARN_CONSTANT_CONVERSION = YES;
				CLANG_WARN_DIRECT_OBJC_ISA_USAGE = YES_ERROR;
				CLANG_WARN_EMPTY_BODY = YES;
				CLANG_WARN_ENUM_CONVERSION = YES;
				CLANG_WARN_INT_CONVERSION = YES;
				CLANG_WARN_OBJC_ROOT_CLASS = YES_ERROR;
				CLANG_WARN_UNREACHABLE_CODE = YES;
				CLANG_WARN__DUPLICATE_METHOD_MATCH = YES;
				"CODE_SIGN_IDENTITY[sdk=iphoneos*]" = "iPhone Developer";
				COPY_PHASE_STRIP = YES;
				ENABLE_NS_ASSERTIONS = NO;
				ENABLE_STRICT_OBJC_MSGSEND = YES;
				GCC_C_LANGUAGE_STANDARD = gnu99;
				GCC_WARN_64_TO_32_BIT_CONVERSION = YES;
				GCC_WARN_ABOUT_RETURN_TYPE = YES_ERROR;
				GCC_WARN_UNDECLARED_SELECTOR = YES;
				GCC_WARN_UNINITIALIZED_AUTOS = YES_AGGRESSIVE;
				GCC_WARN_UNUSED_FUNCTION = YES;
				GCC_WARN_UNUSED_VARIABLE = YES;
				IPHONEOS_DEPLOYMENT_TARGET = 8.1;
				MTL_ENABLE_DEBUG_INFO = NO;
				SDKROOT = iphoneos;
				TARGETED_DEVICE_FAMILY = "1,2";
				VALIDATE_PRODUCT = YES;
			};
			name = Release;
		};
		712EC63D1A23A08600C94C83 /* Debug */ = {
			isa = XCBuildConfiguration;
			baseConfigurationReference = C013D841F6554AFC95393C13 /* Pods.xcconfig */;
			buildSettings = {
				ASSETCATALOG_COMPILER_APPICON_NAME = AppIcon;
				INFOPLIST_FILE = Tunesheap/Info.plist;
				LD_RUNPATH_SEARCH_PATHS = "$(inherited) @executable_path/Frameworks";
				PRODUCT_NAME = "$(TARGET_NAME)";
			};
			name = Debug;
		};
		712EC63E1A23A08600C94C83 /* Release */ = {
			isa = XCBuildConfiguration;
			baseConfigurationReference = C013D841F6554AFC95393C13 /* Pods.xcconfig */;
			buildSettings = {
				ASSETCATALOG_COMPILER_APPICON_NAME = AppIcon;
				INFOPLIST_FILE = Tunesheap/Info.plist;
				LD_RUNPATH_SEARCH_PATHS = "$(inherited) @executable_path/Frameworks";
				PRODUCT_NAME = "$(TARGET_NAME)";
			};
			name = Release;
		};
		712EC6401A23A08600C94C83 /* Debug */ = {
			isa = XCBuildConfiguration;
			buildSettings = {
				BUNDLE_LOADER = "$(TEST_HOST)";
				FRAMEWORK_SEARCH_PATHS = (
					"$(SDKROOT)/Developer/Library/Frameworks",
					"$(inherited)",
				);
				GCC_PREPROCESSOR_DEFINITIONS = (
					"DEBUG=1",
					"$(inherited)",
				);
				INFOPLIST_FILE = TunesheapTests/Info.plist;
				LD_RUNPATH_SEARCH_PATHS = "$(inherited) @executable_path/Frameworks @loader_path/Frameworks";
				PRODUCT_NAME = "$(TARGET_NAME)";
				TEST_HOST = "$(BUILT_PRODUCTS_DIR)/Tunesheap.app/Tunesheap";
			};
			name = Debug;
		};
		712EC6411A23A08600C94C83 /* Release */ = {
			isa = XCBuildConfiguration;
			buildSettings = {
				BUNDLE_LOADER = "$(TEST_HOST)";
				FRAMEWORK_SEARCH_PATHS = (
					"$(SDKROOT)/Developer/Library/Frameworks",
					"$(inherited)",
				);
				INFOPLIST_FILE = TunesheapTests/Info.plist;
				LD_RUNPATH_SEARCH_PATHS = "$(inherited) @executable_path/Frameworks @loader_path/Frameworks";
				PRODUCT_NAME = "$(TARGET_NAME)";
				TEST_HOST = "$(BUILT_PRODUCTS_DIR)/Tunesheap.app/Tunesheap";
			};
			name = Release;
		};
/* End XCBuildConfiguration section */

/* Begin XCConfigurationList section */
		712EC6111A23A08600C94C83 /* Build configuration list for PBXProject "Tunesheap" */ = {
			isa = XCConfigurationList;
			buildConfigurations = (
				712EC63A1A23A08600C94C83 /* Debug */,
				712EC63B1A23A08600C94C83 /* Release */,
			);
			defaultConfigurationIsVisible = 0;
			defaultConfigurationName = Release;
		};
		712EC63C1A23A08600C94C83 /* Build configuration list for PBXNativeTarget "Tunesheap" */ = {
			isa = XCConfigurationList;
			buildConfigurations = (
				712EC63D1A23A08600C94C83 /* Debug */,
				712EC63E1A23A08600C94C83 /* Release */,
			);
			defaultConfigurationIsVisible = 0;
			defaultConfigurationName = Release;
		};
		712EC63F1A23A08600C94C83 /* Build configuration list for PBXNativeTarget "TunesheapTests" */ = {
			isa = XCConfigurationList;
			buildConfigurations = (
				712EC6401A23A08600C94C83 /* Debug */,
				712EC6411A23A08600C94C83 /* Release */,
			);
			defaultConfigurationIsVisible = 0;
			defaultConfigurationName = Release;
		};
/* End XCConfigurationList section */
	};
	rootObject = 712EC60E1A23A08600C94C83 /* Project object */;
}
